
Microsoft Visual Studio Solution File, Format Version 12.00
# Visual Studio Version 16
VisualStudioVersion = 16.0.29926.136
MinimumVisualStudioVersion = 10.0.40219.1
Project("{FAE04EC0-301F-11D3-BF4B-00C04F79EFBC}") = "TestStore", "TestStore.csproj", "{A70A5EBD-099F-41A8-AF85-AFC12CCFD09E}"
EndProject
Global
	GlobalSection(SolutionConfigurationPlatforms) = preSolution
		Debug|Any CPU = Debug|Any CPU
		Release|Any CPU = Release|Any CPU
	EndGlobalSection
	GlobalSection(ProjectConfigurationPlatforms) = postSolution
		{A70A5EBD-099F-41A8-AF85-AFC12CCFD09E}.Debug|Any CPU.ActiveCfg = Debug|Any CPU
		{A70A5EBD-099F-41A8-AF85-AFC12CCFD09E}.Debug|Any CPU.Build.0 = Debug|Any CPU
		{A70A5EBD-099F-41A8-AF85-AFC12CCFD09E}.Release|Any CPU.ActiveCfg = Release|Any CPU
		{A70A5EBD-099F-41A8-AF85-AFC12CCFD09E}.Release|Any CPU.Build.0 = Release|Any CPU
	EndGlobalSection
	GlobalSection(SolutionProperties) = preSolution
		HideSolutionNode = FALSE
	EndGlobalSection
	GlobalSection(ExtensibilityGlobals) = postSolution
		SolutionGuid = {95BBFCDE-5EB7-4739-9FD0-E6C5C13F4B89}
	EndGlobalSection
EndGlobal
